// !$*UTF8*$!
{
	archiveVersion = 1;
	classes = {
	};
	objectVersion = 56;
	objects = {

/* Begin PBXBuildFile section */
		C6251D032B73B56F001E09AE /* CuriosityPhotoDetail.swift in Sources */ = {isa = PBXBuildFile; fileRef = C6251D022B73B56F001E09AE /* CuriosityPhotoDetail.swift */; };
		C6251D052B73B583001E09AE /* CuriosityPhotoDetailViewModel.swift in Sources */ = {isa = PBXBuildFile; fileRef = C6251D042B73B583001E09AE /* CuriosityPhotoDetailViewModel.swift */; };
		C626FF642B7EBC750025A215 /* EpicModel.swift in Sources */ = {isa = PBXBuildFile; fileRef = C626FF632B7EBC750025A215 /* EpicModel.swift */; };
		C626FF672B7EBDBC0025A215 /* Epic.swift in Sources */ = {isa = PBXBuildFile; fileRef = C626FF662B7EBDBC0025A215 /* Epic.swift */; };
		C626FF6A2B7EBDDC0025A215 /* EpicViewModel.swift in Sources */ = {isa = PBXBuildFile; fileRef = C626FF692B7EBDDC0025A215 /* EpicViewModel.swift */; };
		C626FF6E2B7EBE120025A215 /* EpicService.swift in Sources */ = {isa = PBXBuildFile; fileRef = C626FF6D2B7EBE120025A215 /* EpicService.swift */; };
		C626FF712B7EBE390025A215 /* EpicRoutes.swift in Sources */ = {isa = PBXBuildFile; fileRef = C626FF702B7EBE390025A215 /* EpicRoutes.swift */; };
		C626FF732B7EC2D10025A215 /* EpicDetail.swift in Sources */ = {isa = PBXBuildFile; fileRef = C626FF722B7EC2D10025A215 /* EpicDetail.swift */; };
		C63DDD262B7137F4005A1C00 /* Curiosity.swift in Sources */ = {isa = PBXBuildFile; fileRef = C63DDD252B7137F4005A1C00 /* Curiosity.swift */; };
		C63DDD282B7137FE005A1C00 /* CuriosityViewModel.swift in Sources */ = {isa = PBXBuildFile; fileRef = C63DDD272B7137FE005A1C00 /* CuriosityViewModel.swift */; };
		C63DDD2B2B727424005A1C00 /* CuriosityCell.swift in Sources */ = {isa = PBXBuildFile; fileRef = C63DDD2A2B727424005A1C00 /* CuriosityCell.swift */; };
		C63DDD2D2B727439005A1C00 /* CuriosityCollectionLayout.swift in Sources */ = {isa = PBXBuildFile; fileRef = C63DDD2C2B727439005A1C00 /* CuriosityCollectionLayout.swift */; };
		C63DDD2F2B7295CE005A1C00 /* CuriosityRoutes.swift in Sources */ = {isa = PBXBuildFile; fileRef = C63DDD2E2B7295CE005A1C00 /* CuriosityRoutes.swift */; };
		C63DDD342B72984B005A1C00 /* CuriosityPhotoModel.swift in Sources */ = {isa = PBXBuildFile; fileRef = C63DDD332B72984B005A1C00 /* CuriosityPhotoModel.swift */; };
		C63DDD362B729A4E005A1C00 /* CuriosityPhotoService.swift in Sources */ = {isa = PBXBuildFile; fileRef = C63DDD352B729A4E005A1C00 /* CuriosityPhotoService.swift */; };
		C6563E3F2B7BCAD1008FF981 /* MarsWeatherService.swift in Sources */ = {isa = PBXBuildFile; fileRef = C6563E3E2B7BCAD1008FF981 /* MarsWeatherService.swift */; };
		C6563E412B7BCADC008FF981 /* MarsWeatherRoutes.swift in Sources */ = {isa = PBXBuildFile; fileRef = C6563E402B7BCADC008FF981 /* MarsWeatherRoutes.swift */; };
		C6600A322B7A3D4100B46AD8 /* MarsWeatherModel.swift in Sources */ = {isa = PBXBuildFile; fileRef = C6600A312B7A3D4000B46AD8 /* MarsWeatherModel.swift */; };
		C6600A342B7A8BB000B46AD8 /* MarsWeatherDetail.swift in Sources */ = {isa = PBXBuildFile; fileRef = C6600A332B7A8BB000B46AD8 /* MarsWeatherDetail.swift */; };
		C6600A362B7A8BC900B46AD8 /* MarsWeatherViewModel.swift in Sources */ = {isa = PBXBuildFile; fileRef = C6600A352B7A8BC900B46AD8 /* MarsWeatherViewModel.swift */; };
		C666381C2B821CDC00F1C1CD /* ApodModel.swift in Sources */ = {isa = PBXBuildFile; fileRef = C666381B2B821CDC00F1C1CD /* ApodModel.swift */; };
		C666381F2B821D9800F1C1CD /* ApodRoutes.swift in Sources */ = {isa = PBXBuildFile; fileRef = C666381E2B821D9800F1C1CD /* ApodRoutes.swift */; };
		C66638222B821E1B00F1C1CD /* Apod.swift in Sources */ = {isa = PBXBuildFile; fileRef = C66638212B821E1B00F1C1CD /* Apod.swift */; };
		C682946F2B768F7B0020358F /* MenuCell.swift in Sources */ = {isa = PBXBuildFile; fileRef = C682946E2B768F7B0020358F /* MenuCell.swift */; };
		C68294712B768F8C0020358F /* Menu.swift in Sources */ = {isa = PBXBuildFile; fileRef = C68294702B768F8B0020358F /* Menu.swift */; };
		C68C69C02B83E23C003400E7 /* ApodDetail.swift in Sources */ = {isa = PBXBuildFile; fileRef = C68C69BF2B83E23C003400E7 /* ApodDetail.swift */; };
		C68C69C32B83E256003400E7 /* ApodViewModel.swift in Sources */ = {isa = PBXBuildFile; fileRef = C68C69C22B83E256003400E7 /* ApodViewModel.swift */; };
		C68C69C62B83E273003400E7 /* ApodService.swift in Sources */ = {isa = PBXBuildFile; fileRef = C68C69C52B83E273003400E7 /* ApodService.swift */; };
		C68C69C82B83E455003400E7 /* ApodDetailViewModel.swift in Sources */ = {isa = PBXBuildFile; fileRef = C68C69C72B83E455003400E7 /* ApodDetailViewModel.swift */; };
		C6A18BF72B6AA52200CA7B62 /* AppDelegate.swift in Sources */ = {isa = PBXBuildFile; fileRef = C6A18BF62B6AA52200CA7B62 /* AppDelegate.swift */; };
		C6A18BF92B6AA52200CA7B62 /* SceneDelegate.swift in Sources */ = {isa = PBXBuildFile; fileRef = C6A18BF82B6AA52200CA7B62 /* SceneDelegate.swift */; };
		C6A18BFB2B6AA52200CA7B62 /* LogIn.swift in Sources */ = {isa = PBXBuildFile; fileRef = C6A18BFA2B6AA52200CA7B62 /* LogIn.swift */; };
		C6A18BFE2B6AA52200CA7B62 /* Main.storyboard in Resources */ = {isa = PBXBuildFile; fileRef = C6A18BFC2B6AA52200CA7B62 /* Main.storyboard */; };
		C6A18C002B6AA52400CA7B62 /* Assets.xcassets in Resources */ = {isa = PBXBuildFile; fileRef = C6A18BFF2B6AA52400CA7B62 /* Assets.xcassets */; };
		C6A18C032B6AA52400CA7B62 /* LaunchScreen.storyboard in Resources */ = {isa = PBXBuildFile; fileRef = C6A18C012B6AA52400CA7B62 /* LaunchScreen.storyboard */; };
		C6A18C0E2B6C237700CA7B62 /* LogInViewModel.swift in Sources */ = {isa = PBXBuildFile; fileRef = C6A18C0D2B6C237700CA7B62 /* LogInViewModel.swift */; };
		C6A18C192B6C243600CA7B62 /* Alamofire in Frameworks */ = {isa = PBXBuildFile; productRef = C6A18C182B6C243600CA7B62 /* Alamofire */; };
		C6A18C1C2B6C245F00CA7B62 /* Kingfisher in Frameworks */ = {isa = PBXBuildFile; productRef = C6A18C1B2B6C245F00CA7B62 /* Kingfisher */; };
		C6A18C1F2B6C247400CA7B62 /* Lottie in Frameworks */ = {isa = PBXBuildFile; productRef = C6A18C1E2B6C247400CA7B62 /* Lottie */; };
		C6A18C222B6C248500CA7B62 /* RxBlocking in Frameworks */ = {isa = PBXBuildFile; productRef = C6A18C212B6C248500CA7B62 /* RxBlocking */; };
		C6A18C242B6C248500CA7B62 /* RxBlocking-Dynamic in Frameworks */ = {isa = PBXBuildFile; productRef = C6A18C232B6C248500CA7B62 /* RxBlocking-Dynamic */; };
		C6A18C262B6C248500CA7B62 /* RxCocoa in Frameworks */ = {isa = PBXBuildFile; productRef = C6A18C252B6C248500CA7B62 /* RxCocoa */; };
		C6A18C282B6C248500CA7B62 /* RxCocoa-Dynamic in Frameworks */ = {isa = PBXBuildFile; productRef = C6A18C272B6C248500CA7B62 /* RxCocoa-Dynamic */; };
		C6A18C2A2B6C248500CA7B62 /* RxRelay in Frameworks */ = {isa = PBXBuildFile; productRef = C6A18C292B6C248500CA7B62 /* RxRelay */; };
		C6A18C2C2B6C24D600CA7B62 /* rocket.json in Resources */ = {isa = PBXBuildFile; fileRef = C6A18C2B2B6C24D600CA7B62 /* rocket.json */; };
		C6A18C2E2B6C24E900CA7B62 /* Animation.swift in Sources */ = {isa = PBXBuildFile; fileRef = C6A18C2D2B6C24E900CA7B62 /* Animation.swift */; };
		C6A18C302B6C262F00CA7B62 /* GoogleService-Info.plist in Resources */ = {isa = PBXBuildFile; fileRef = C6A18C2F2B6C262F00CA7B62 /* GoogleService-Info.plist */; };
		C6A18C332B6C2AAE00CA7B62 /* FirebaseAuth in Frameworks */ = {isa = PBXBuildFile; productRef = C6A18C322B6C2AAE00CA7B62 /* FirebaseAuth */; };
		C6A18C352B6C2AAE00CA7B62 /* FirebaseDatabase in Frameworks */ = {isa = PBXBuildFile; productRef = C6A18C342B6C2AAE00CA7B62 /* FirebaseDatabase */; };
		C6A18C372B6C2AAE00CA7B62 /* FirebaseFirestore in Frameworks */ = {isa = PBXBuildFile; productRef = C6A18C362B6C2AAE00CA7B62 /* FirebaseFirestore */; };
		C6A18C3B2B6C2DAC00CA7B62 /* ForgotPasswordViewModel.swift in Sources */ = {isa = PBXBuildFile; fileRef = C6A18C3A2B6C2DAC00CA7B62 /* ForgotPasswordViewModel.swift */; };
		C6A18C3D2B6C2DC500CA7B62 /* ForgotPassword.swift in Sources */ = {isa = PBXBuildFile; fileRef = C6A18C3C2B6C2DC500CA7B62 /* ForgotPassword.swift */; };
		C6EAB6092B861ED9000B2A6D /* ApodCell.swift in Sources */ = {isa = PBXBuildFile; fileRef = C6EAB6082B861ED9000B2A6D /* ApodCell.swift */; };
		C6FBCA5D2B6D29E300DEA784 /* Users.swift in Sources */ = {isa = PBXBuildFile; fileRef = C6FBCA5C2B6D29E300DEA784 /* Users.swift */; };
		C6FBCA5F2B6D2DE600DEA784 /* Register.swift in Sources */ = {isa = PBXBuildFile; fileRef = C6FBCA5E2B6D2DE600DEA784 /* Register.swift */; };
		C6FBCA612B6D2E0200DEA784 /* RegisterViewModel.swift in Sources */ = {isa = PBXBuildFile; fileRef = C6FBCA602B6D2E0200DEA784 /* RegisterViewModel.swift */; };
		C6FBCA632B6D343400DEA784 /* UserProcesses.swift in Sources */ = {isa = PBXBuildFile; fileRef = C6FBCA622B6D343400DEA784 /* UserProcesses.swift */; };
/* End PBXBuildFile section */

/* Begin PBXFileReference section */
		C6251D022B73B56F001E09AE /* CuriosityPhotoDetail.swift */ = {isa = PBXFileReference; lastKnownFileType = sourcecode.swift; path = CuriosityPhotoDetail.swift; sourceTree = "<group>"; };
		C6251D042B73B583001E09AE /* CuriosityPhotoDetailViewModel.swift */ = {isa = PBXFileReference; lastKnownFileType = sourcecode.swift; path = CuriosityPhotoDetailViewModel.swift; sourceTree = "<group>"; };
		C626FF632B7EBC750025A215 /* EpicModel.swift */ = {isa = PBXFileReference; lastKnownFileType = sourcecode.swift; path = EpicModel.swift; sourceTree = "<group>"; };
		C626FF662B7EBDBC0025A215 /* Epic.swift */ = {isa = PBXFileReference; lastKnownFileType = sourcecode.swift; path = Epic.swift; sourceTree = "<group>"; };
		C626FF692B7EBDDC0025A215 /* EpicViewModel.swift */ = {isa = PBXFileReference; lastKnownFileType = sourcecode.swift; path = EpicViewModel.swift; sourceTree = "<group>"; };
		C626FF6D2B7EBE120025A215 /* EpicService.swift */ = {isa = PBXFileReference; lastKnownFileType = sourcecode.swift; path = EpicService.swift; sourceTree = "<group>"; };
		C626FF702B7EBE390025A215 /* EpicRoutes.swift */ = {isa = PBXFileReference; lastKnownFileType = sourcecode.swift; path = EpicRoutes.swift; sourceTree = "<group>"; };
		C626FF722B7EC2D10025A215 /* EpicDetail.swift */ = {isa = PBXFileReference; lastKnownFileType = sourcecode.swift; path = EpicDetail.swift; sourceTree = "<group>"; };
		C63DDD252B7137F4005A1C00 /* Curiosity.swift */ = {isa = PBXFileReference; lastKnownFileType = sourcecode.swift; path = Curiosity.swift; sourceTree = "<group>"; };
		C63DDD272B7137FE005A1C00 /* CuriosityViewModel.swift */ = {isa = PBXFileReference; lastKnownFileType = sourcecode.swift; path = CuriosityViewModel.swift; sourceTree = "<group>"; };
		C63DDD2A2B727424005A1C00 /* CuriosityCell.swift */ = {isa = PBXFileReference; lastKnownFileType = sourcecode.swift; path = CuriosityCell.swift; sourceTree = "<group>"; };
		C63DDD2C2B727439005A1C00 /* CuriosityCollectionLayout.swift */ = {isa = PBXFileReference; lastKnownFileType = sourcecode.swift; path = CuriosityCollectionLayout.swift; sourceTree = "<group>"; };
		C63DDD2E2B7295CE005A1C00 /* CuriosityRoutes.swift */ = {isa = PBXFileReference; lastKnownFileType = sourcecode.swift; path = CuriosityRoutes.swift; sourceTree = "<group>"; };
		C63DDD332B72984B005A1C00 /* CuriosityPhotoModel.swift */ = {isa = PBXFileReference; lastKnownFileType = sourcecode.swift; path = CuriosityPhotoModel.swift; sourceTree = "<group>"; };
		C63DDD352B729A4E005A1C00 /* CuriosityPhotoService.swift */ = {isa = PBXFileReference; lastKnownFileType = sourcecode.swift; path = CuriosityPhotoService.swift; sourceTree = "<group>"; };
		C6563E3E2B7BCAD1008FF981 /* MarsWeatherService.swift */ = {isa = PBXFileReference; lastKnownFileType = sourcecode.swift; path = MarsWeatherService.swift; sourceTree = "<group>"; };
		C6563E402B7BCADC008FF981 /* MarsWeatherRoutes.swift */ = {isa = PBXFileReference; lastKnownFileType = sourcecode.swift; path = MarsWeatherRoutes.swift; sourceTree = "<group>"; };
		C6600A312B7A3D4000B46AD8 /* MarsWeatherModel.swift */ = {isa = PBXFileReference; lastKnownFileType = sourcecode.swift; path = MarsWeatherModel.swift; sourceTree = "<group>"; };
		C6600A332B7A8BB000B46AD8 /* MarsWeatherDetail.swift */ = {isa = PBXFileReference; lastKnownFileType = sourcecode.swift; path = MarsWeatherDetail.swift; sourceTree = "<group>"; };
		C6600A352B7A8BC900B46AD8 /* MarsWeatherViewModel.swift */ = {isa = PBXFileReference; lastKnownFileType = sourcecode.swift; path = MarsWeatherViewModel.swift; sourceTree = "<group>"; };
		C666381B2B821CDC00F1C1CD /* ApodModel.swift */ = {isa = PBXFileReference; lastKnownFileType = sourcecode.swift; path = ApodModel.swift; sourceTree = "<group>"; };
		C666381E2B821D9800F1C1CD /* ApodRoutes.swift */ = {isa = PBXFileReference; lastKnownFileType = sourcecode.swift; path = ApodRoutes.swift; sourceTree = "<group>"; };
		C66638212B821E1B00F1C1CD /* Apod.swift */ = {isa = PBXFileReference; lastKnownFileType = sourcecode.swift; path = Apod.swift; sourceTree = "<group>"; };
		C682946E2B768F7B0020358F /* MenuCell.swift */ = {isa = PBXFileReference; lastKnownFileType = sourcecode.swift; path = MenuCell.swift; sourceTree = "<group>"; };
		C68294702B768F8B0020358F /* Menu.swift */ = {isa = PBXFileReference; lastKnownFileType = sourcecode.swift; path = Menu.swift; sourceTree = "<group>"; };
		C68C69BF2B83E23C003400E7 /* ApodDetail.swift */ = {isa = PBXFileReference; lastKnownFileType = sourcecode.swift; path = ApodDetail.swift; sourceTree = "<group>"; };
		C68C69C22B83E256003400E7 /* ApodViewModel.swift */ = {isa = PBXFileReference; lastKnownFileType = sourcecode.swift; path = ApodViewModel.swift; sourceTree = "<group>"; };
		C68C69C52B83E273003400E7 /* ApodService.swift */ = {isa = PBXFileReference; lastKnownFileType = sourcecode.swift; path = ApodService.swift; sourceTree = "<group>"; };
		C68C69C72B83E455003400E7 /* ApodDetailViewModel.swift */ = {isa = PBXFileReference; lastKnownFileType = sourcecode.swift; path = ApodDetailViewModel.swift; sourceTree = "<group>"; };
		C6A18BF32B6AA52200CA7B62 /* SpaceBS.app */ = {isa = PBXFileReference; explicitFileType = wrapper.application; includeInIndex = 0; path = SpaceBS.app; sourceTree = BUILT_PRODUCTS_DIR; };
		C6A18BF62B6AA52200CA7B62 /* AppDelegate.swift */ = {isa = PBXFileReference; lastKnownFileType = sourcecode.swift; path = AppDelegate.swift; sourceTree = "<group>"; };
		C6A18BF82B6AA52200CA7B62 /* SceneDelegate.swift */ = {isa = PBXFileReference; lastKnownFileType = sourcecode.swift; path = SceneDelegate.swift; sourceTree = "<group>"; };
		C6A18BFA2B6AA52200CA7B62 /* LogIn.swift */ = {isa = PBXFileReference; lastKnownFileType = sourcecode.swift; path = LogIn.swift; sourceTree = "<group>"; };
		C6A18BFD2B6AA52200CA7B62 /* Base */ = {isa = PBXFileReference; lastKnownFileType = file.storyboard; name = Base; path = Base.lproj/Main.storyboard; sourceTree = "<group>"; };
		C6A18BFF2B6AA52400CA7B62 /* Assets.xcassets */ = {isa = PBXFileReference; lastKnownFileType = folder.assetcatalog; path = Assets.xcassets; sourceTree = "<group>"; };
		C6A18C022B6AA52400CA7B62 /* Base */ = {isa = PBXFileReference; lastKnownFileType = file.storyboard; name = Base; path = Base.lproj/LaunchScreen.storyboard; sourceTree = "<group>"; };
		C6A18C042B6AA52400CA7B62 /* Info.plist */ = {isa = PBXFileReference; lastKnownFileType = text.plist.xml; path = Info.plist; sourceTree = "<group>"; };
		C6A18C0D2B6C237700CA7B62 /* LogInViewModel.swift */ = {isa = PBXFileReference; lastKnownFileType = sourcecode.swift; path = LogInViewModel.swift; sourceTree = "<group>"; };
		C6A18C2B2B6C24D600CA7B62 /* rocket.json */ = {isa = PBXFileReference; fileEncoding = 4; lastKnownFileType = text.json; path = rocket.json; sourceTree = "<group>"; };
		C6A18C2D2B6C24E900CA7B62 /* Animation.swift */ = {isa = PBXFileReference; lastKnownFileType = sourcecode.swift; path = Animation.swift; sourceTree = "<group>"; };
		C6A18C2F2B6C262F00CA7B62 /* GoogleService-Info.plist */ = {isa = PBXFileReference; fileEncoding = 4; lastKnownFileType = text.plist.xml; path = "GoogleService-Info.plist"; sourceTree = "<group>"; };
		C6A18C3A2B6C2DAC00CA7B62 /* ForgotPasswordViewModel.swift */ = {isa = PBXFileReference; lastKnownFileType = sourcecode.swift; path = ForgotPasswordViewModel.swift; sourceTree = "<group>"; };
		C6A18C3C2B6C2DC500CA7B62 /* ForgotPassword.swift */ = {isa = PBXFileReference; lastKnownFileType = sourcecode.swift; path = ForgotPassword.swift; sourceTree = "<group>"; };
		C6EAB6082B861ED9000B2A6D /* ApodCell.swift */ = {isa = PBXFileReference; lastKnownFileType = sourcecode.swift; path = ApodCell.swift; sourceTree = "<group>"; };
		C6FBCA5C2B6D29E300DEA784 /* Users.swift */ = {isa = PBXFileReference; lastKnownFileType = sourcecode.swift; path = Users.swift; sourceTree = "<group>"; };
		C6FBCA5E2B6D2DE600DEA784 /* Register.swift */ = {isa = PBXFileReference; lastKnownFileType = sourcecode.swift; path = Register.swift; sourceTree = "<group>"; };
		C6FBCA602B6D2E0200DEA784 /* RegisterViewModel.swift */ = {isa = PBXFileReference; lastKnownFileType = sourcecode.swift; path = RegisterViewModel.swift; sourceTree = "<group>"; };
		C6FBCA622B6D343400DEA784 /* UserProcesses.swift */ = {isa = PBXFileReference; lastKnownFileType = sourcecode.swift; path = UserProcesses.swift; sourceTree = "<group>"; };
/* End PBXFileReference section */

/* Begin PBXFrameworksBuildPhase section */
		C6A18BF02B6AA52200CA7B62 /* Frameworks */ = {
			isa = PBXFrameworksBuildPhase;
			buildActionMask = 2147483647;
			files = (
				C6A18C352B6C2AAE00CA7B62 /* FirebaseDatabase in Frameworks */,
				C6A18C262B6C248500CA7B62 /* RxCocoa in Frameworks */,
				C6A18C282B6C248500CA7B62 /* RxCocoa-Dynamic in Frameworks */,
				C6A18C1C2B6C245F00CA7B62 /* Kingfisher in Frameworks */,
				C6A18C222B6C248500CA7B62 /* RxBlocking in Frameworks */,
				C6A18C332B6C2AAE00CA7B62 /* FirebaseAuth in Frameworks */,
				C6A18C192B6C243600CA7B62 /* Alamofire in Frameworks */,
				C6A18C1F2B6C247400CA7B62 /* Lottie in Frameworks */,
				C6A18C2A2B6C248500CA7B62 /* RxRelay in Frameworks */,
				C6A18C372B6C2AAE00CA7B62 /* FirebaseFirestore in Frameworks */,
				C6A18C242B6C248500CA7B62 /* RxBlocking-Dynamic in Frameworks */,
			);
			runOnlyForDeploymentPostprocessing = 0;
		};
/* End PBXFrameworksBuildPhase section */

/* Begin PBXGroup section */
		C626FF622B7EBC5D0025A215 /* EpicEntity */ = {
			isa = PBXGroup;
			children = (
				C626FF632B7EBC750025A215 /* EpicModel.swift */,
			);
			path = EpicEntity;
			sourceTree = "<group>";
		};
		C626FF652B7EBD9C0025A215 /* EpicViewController */ = {
			isa = PBXGroup;
			children = (
				C626FF662B7EBDBC0025A215 /* Epic.swift */,
				C626FF722B7EC2D10025A215 /* EpicDetail.swift */,
			);
			path = EpicViewController;
			sourceTree = "<group>";
		};
		C626FF682B7EBDCB0025A215 /* EpicViewModel */ = {
			isa = PBXGroup;
			children = (
				C626FF692B7EBDDC0025A215 /* EpicViewModel.swift */,
			);
			path = EpicViewModel;
			sourceTree = "<group>";
		};
		C626FF6B2B7EBDEB0025A215 /* CuriosityService */ = {
			isa = PBXGroup;
			children = (
				C63DDD352B729A4E005A1C00 /* CuriosityPhotoService.swift */,
				C6563E3E2B7BCAD1008FF981 /* MarsWeatherService.swift */,
			);
			path = CuriosityService;
			sourceTree = "<group>";
		};
		C626FF6C2B7EBDFA0025A215 /* EpicService */ = {
			isa = PBXGroup;
			children = (
				C626FF6D2B7EBE120025A215 /* EpicService.swift */,
			);
			path = EpicService;
			sourceTree = "<group>";
		};
		C626FF6F2B7EBE2C0025A215 /* EpicAPI */ = {
			isa = PBXGroup;
			children = (
				C626FF702B7EBE390025A215 /* EpicRoutes.swift */,
			);
			path = EpicAPI;
			sourceTree = "<group>";
		};
		C63DDD292B727403005A1C00 /* CuriostyCell */ = {
			isa = PBXGroup;
			children = (
				C63DDD2A2B727424005A1C00 /* CuriosityCell.swift */,
				C63DDD2C2B727439005A1C00 /* CuriosityCollectionLayout.swift */,
				C682946E2B768F7B0020358F /* MenuCell.swift */,
			);
			path = CuriostyCell;
			sourceTree = "<group>";
		};
		C63DDD322B72983D005A1C00 /* Service */ = {
			isa = PBXGroup;
			children = (
				C6A18C132B6C23B800CA7B62 /* UserProcesses */,
				C626FF6B2B7EBDEB0025A215 /* CuriosityService */,
				C626FF6C2B7EBDFA0025A215 /* EpicService */,
				C68C69C42B83E25D003400E7 /* ApodService */,
			);
			path = Service;
			sourceTree = "<group>";
		};
		C6563E422B7BD7CC008FF981 /* UsersEntity */ = {
			isa = PBXGroup;
			children = (
				C6FBCA5C2B6D29E300DEA784 /* Users.swift */,
			);
			path = UsersEntity;
			sourceTree = "<group>";
		};
		C6563E432B7BD7D8008FF981 /* APIEntity */ = {
			isa = PBXGroup;
			children = (
				C6BB307A2B7E58D40040E615 /* CuriosityEntity */,
				C626FF622B7EBC5D0025A215 /* EpicEntity */,
				C666381A2B821C9500F1C1CD /* ApodEntity */,
			);
			path = APIEntity;
			sourceTree = "<group>";
		};
		C666381A2B821C9500F1C1CD /* ApodEntity */ = {
			isa = PBXGroup;
			children = (
				C666381B2B821CDC00F1C1CD /* ApodModel.swift */,
			);
			path = ApodEntity;
			sourceTree = "<group>";
		};
		C666381D2B821D7F00F1C1CD /* ApodAPI */ = {
			isa = PBXGroup;
			children = (
				C666381E2B821D9800F1C1CD /* ApodRoutes.swift */,
			);
			path = ApodAPI;
			sourceTree = "<group>";
		};
		C66638202B821E0400F1C1CD /* ApodViewController */ = {
			isa = PBXGroup;
			children = (
				C66638212B821E1B00F1C1CD /* Apod.swift */,
				C68C69BF2B83E23C003400E7 /* ApodDetail.swift */,
			);
			path = ApodViewController;
			sourceTree = "<group>";
		};
		C68294722B77B41F0020358F /* CuriosityViewController */ = {
			isa = PBXGroup;
			children = (
				C63DDD252B7137F4005A1C00 /* Curiosity.swift */,
				C6251D022B73B56F001E09AE /* CuriosityPhotoDetail.swift */,
				C6600A332B7A8BB000B46AD8 /* MarsWeatherDetail.swift */,
				C68294702B768F8B0020358F /* Menu.swift */,
			);
			path = CuriosityViewController;
			sourceTree = "<group>";
		};
		C68294732B77B4470020358F /* UserProcessesViewController */ = {
			isa = PBXGroup;
			children = (
				C6A18BFA2B6AA52200CA7B62 /* LogIn.swift */,
				C6FBCA5E2B6D2DE600DEA784 /* Register.swift */,
				C6A18C3C2B6C2DC500CA7B62 /* ForgotPassword.swift */,
			);
			path = UserProcessesViewController;
			sourceTree = "<group>";
		};
		C68294742B77B4660020358F /* UserProcessesViewModel */ = {
			isa = PBXGroup;
			children = (
				C6A18C0D2B6C237700CA7B62 /* LogInViewModel.swift */,
				C6FBCA602B6D2E0200DEA784 /* RegisterViewModel.swift */,
				C6A18C3A2B6C2DAC00CA7B62 /* ForgotPasswordViewModel.swift */,
			);
			path = UserProcessesViewModel;
			sourceTree = "<group>";
		};
		C68294752B77B4710020358F /* CuriosityViewModels */ = {
			isa = PBXGroup;
			children = (
				C63DDD272B7137FE005A1C00 /* CuriosityViewModel.swift */,
				C6251D042B73B583001E09AE /* CuriosityPhotoDetailViewModel.swift */,
				C6600A352B7A8BC900B46AD8 /* MarsWeatherViewModel.swift */,
			);
			path = CuriosityViewModels;
			sourceTree = "<group>";
		};
		C68C69C12B83E249003400E7 /* ApodViewModel */ = {
			isa = PBXGroup;
			children = (
				C68C69C22B83E256003400E7 /* ApodViewModel.swift */,
				C68C69C72B83E455003400E7 /* ApodDetailViewModel.swift */,
			);
			path = ApodViewModel;
			sourceTree = "<group>";
		};
		C68C69C42B83E25D003400E7 /* ApodService */ = {
			isa = PBXGroup;
			children = (
				C68C69C52B83E273003400E7 /* ApodService.swift */,
			);
			path = ApodService;
			sourceTree = "<group>";
		};
		C6A18BEA2B6AA52200CA7B62 = {
			isa = PBXGroup;
			children = (
				C6A18BF52B6AA52200CA7B62 /* SpaceBS */,
				C6A18BF42B6AA52200CA7B62 /* Products */,
			);
			sourceTree = "<group>";
		};
		C6A18BF42B6AA52200CA7B62 /* Products */ = {
			isa = PBXGroup;
			children = (
				C6A18BF32B6AA52200CA7B62 /* SpaceBS.app */,
			);
			name = Products;
			sourceTree = "<group>";
		};
		C6A18BF52B6AA52200CA7B62 /* SpaceBS */ = {
			isa = PBXGroup;
			children = (
				C6A18C0A2B6C233C00CA7B62 /* System */,
				C6A18C142B6C23BD00CA7B62 /* API */,
				C6A18C112B6C23A000CA7B62 /* Data */,
				C6A18C0B2B6C234900CA7B62 /* UI */,
				C6A18C0F2B6C238900CA7B62 /* Cell */,
				C6A18C102B6C239400CA7B62 /* ViewControllers */,
				C6A18C152B6C23E300CA7B62 /* Entity */,
				C6A18C162B6C23F700CA7B62 /* Animation */,
				C6A18BFC2B6AA52200CA7B62 /* Main.storyboard */,
				C6A18BFF2B6AA52400CA7B62 /* Assets.xcassets */,
				C6A18C012B6AA52400CA7B62 /* LaunchScreen.storyboard */,
				C6A18C042B6AA52400CA7B62 /* Info.plist */,
				C6A18C2F2B6C262F00CA7B62 /* GoogleService-Info.plist */,
			);
			path = SpaceBS;
			sourceTree = "<group>";
		};
		C6A18C0A2B6C233C00CA7B62 /* System */ = {
			isa = PBXGroup;
			children = (
				C6A18BF62B6AA52200CA7B62 /* AppDelegate.swift */,
				C6A18BF82B6AA52200CA7B62 /* SceneDelegate.swift */,
			);
			path = System;
			sourceTree = "<group>";
		};
		C6A18C0B2B6C234900CA7B62 /* UI */ = {
			isa = PBXGroup;
			children = (
				C6A18C0C2B6C235000CA7B62 /* ViewModel */,
			);
			path = UI;
			sourceTree = "<group>";
		};
		C6A18C0C2B6C235000CA7B62 /* ViewModel */ = {
			isa = PBXGroup;
			children = (
				C68294742B77B4660020358F /* UserProcessesViewModel */,
				C68294752B77B4710020358F /* CuriosityViewModels */,
				C626FF682B7EBDCB0025A215 /* EpicViewModel */,
				C68C69C12B83E249003400E7 /* ApodViewModel */,
			);
			path = ViewModel;
			sourceTree = "<group>";
		};
		C6A18C0F2B6C238900CA7B62 /* Cell */ = {
			isa = PBXGroup;
			children = (
				C63DDD292B727403005A1C00 /* CuriostyCell */,
				C6EAB6052B861EBA000B2A6D /* ApodCell */,
			);
			path = Cell;
			sourceTree = "<group>";
		};
		C6A18C102B6C239400CA7B62 /* ViewControllers */ = {
			isa = PBXGroup;
			children = (
				C68294732B77B4470020358F /* UserProcessesViewController */,
				C68294722B77B41F0020358F /* CuriosityViewController */,
				C626FF652B7EBD9C0025A215 /* EpicViewController */,
				C66638202B821E0400F1C1CD /* ApodViewController */,
			);
			path = ViewControllers;
			sourceTree = "<group>";
		};
		C6A18C112B6C23A000CA7B62 /* Data */ = {
			isa = PBXGroup;
			children = (
				C63DDD322B72983D005A1C00 /* Service */,
			);
			path = Data;
			sourceTree = "<group>";
		};
		C6A18C132B6C23B800CA7B62 /* UserProcesses */ = {
			isa = PBXGroup;
			children = (
				C6FBCA622B6D343400DEA784 /* UserProcesses.swift */,
			);
			path = UserProcesses;
			sourceTree = "<group>";
		};
		C6A18C142B6C23BD00CA7B62 /* API */ = {
			isa = PBXGroup;
			children = (
				C6E8A3342B7E4AF900FDC70A /* CuriosityAPI */,
				C626FF6F2B7EBE2C0025A215 /* EpicAPI */,
				C666381D2B821D7F00F1C1CD /* ApodAPI */,
			);
			path = API;
			sourceTree = "<group>";
		};
		C6A18C152B6C23E300CA7B62 /* Entity */ = {
			isa = PBXGroup;
			children = (
				C6563E422B7BD7CC008FF981 /* UsersEntity */,
				C6563E432B7BD7D8008FF981 /* APIEntity */,
			);
			path = Entity;
			sourceTree = "<group>";
		};
		C6A18C162B6C23F700CA7B62 /* Animation */ = {
			isa = PBXGroup;
			children = (
				C6A18C2D2B6C24E900CA7B62 /* Animation.swift */,
				C6A18C2B2B6C24D600CA7B62 /* rocket.json */,
			);
			path = Animation;
			sourceTree = "<group>";
		};
		C6BB307A2B7E58D40040E615 /* CuriosityEntity */ = {
			isa = PBXGroup;
			children = (
				C63DDD332B72984B005A1C00 /* CuriosityPhotoModel.swift */,
				C6600A312B7A3D4000B46AD8 /* MarsWeatherModel.swift */,
			);
			path = CuriosityEntity;
			sourceTree = "<group>";
		};
		C6E8A3342B7E4AF900FDC70A /* CuriosityAPI */ = {
			isa = PBXGroup;
			children = (
				C63DDD2E2B7295CE005A1C00 /* CuriosityRoutes.swift */,
				C6563E402B7BCADC008FF981 /* MarsWeatherRoutes.swift */,
			);
			path = CuriosityAPI;
			sourceTree = "<group>";
		};
		C6EAB6052B861EBA000B2A6D /* ApodCell */ = {
			isa = PBXGroup;
			children = (
				C6EAB6082B861ED9000B2A6D /* ApodCell.swift */,
			);
			path = ApodCell;
			sourceTree = "<group>";
		};
/* End PBXGroup section */

/* Begin PBXNativeTarget section */
		C6A18BF22B6AA52200CA7B62 /* SpaceBS */ = {
			isa = PBXNativeTarget;
			buildConfigurationList = C6A18C072B6AA52400CA7B62 /* Build configuration list for PBXNativeTarget "SpaceBS" */;
			buildPhases = (
				C6A18BEF2B6AA52200CA7B62 /* Sources */,
				C6A18BF02B6AA52200CA7B62 /* Frameworks */,
				C6A18BF12B6AA52200CA7B62 /* Resources */,
			);
			buildRules = (
			);
			dependencies = (
			);
			name = SpaceBS;
			packageProductDependencies = (
				C6A18C182B6C243600CA7B62 /* Alamofire */,
				C6A18C1B2B6C245F00CA7B62 /* Kingfisher */,
				C6A18C1E2B6C247400CA7B62 /* Lottie */,
				C6A18C212B6C248500CA7B62 /* RxBlocking */,
				C6A18C232B6C248500CA7B62 /* RxBlocking-Dynamic */,
				C6A18C252B6C248500CA7B62 /* RxCocoa */,
				C6A18C272B6C248500CA7B62 /* RxCocoa-Dynamic */,
				C6A18C292B6C248500CA7B62 /* RxRelay */,
				C6A18C322B6C2AAE00CA7B62 /* FirebaseAuth */,
				C6A18C342B6C2AAE00CA7B62 /* FirebaseDatabase */,
				C6A18C362B6C2AAE00CA7B62 /* FirebaseFirestore */,
			);
			productName = SpaceBS;
			productReference = C6A18BF32B6AA52200CA7B62 /* SpaceBS.app */;
			productType = "com.apple.product-type.application";
		};
/* End PBXNativeTarget section */

/* Begin PBXProject section */
		C6A18BEB2B6AA52200CA7B62 /* Project object */ = {
			isa = PBXProject;
			attributes = {
				BuildIndependentTargetsInParallel = 1;
				LastSwiftUpdateCheck = 1520;
				LastUpgradeCheck = 1520;
				TargetAttributes = {
					C6A18BF22B6AA52200CA7B62 = {
						CreatedOnToolsVersion = 15.2;
					};
				};
			};
			buildConfigurationList = C6A18BEE2B6AA52200CA7B62 /* Build configuration list for PBXProject "SpaceBS" */;
			compatibilityVersion = "Xcode 14.0";
			developmentRegion = en;
			hasScannedForEncodings = 0;
			knownRegions = (
				en,
				Base,
			);
			mainGroup = C6A18BEA2B6AA52200CA7B62;
			packageReferences = (
				C6A18C172B6C243600CA7B62 /* XCRemoteSwiftPackageReference "Alamofire" */,
				C6A18C1A2B6C245F00CA7B62 /* XCRemoteSwiftPackageReference "Kingfisher" */,
				C6A18C1D2B6C247400CA7B62 /* XCRemoteSwiftPackageReference "lottie-ios" */,
				C6A18C202B6C248500CA7B62 /* XCRemoteSwiftPackageReference "RxSwift" */,
				C6A18C312B6C2AAE00CA7B62 /* XCRemoteSwiftPackageReference "firebase-ios-sdk" */,
			);
			productRefGroup = C6A18BF42B6AA52200CA7B62 /* Products */;
			projectDirPath = "";
			projectRoot = "";
			targets = (
				C6A18BF22B6AA52200CA7B62 /* SpaceBS */,
			);
		};
/* End PBXProject section */

/* Begin PBXResourcesBuildPhase section */
		C6A18BF12B6AA52200CA7B62 /* Resources */ = {
			isa = PBXResourcesBuildPhase;
			buildActionMask = 2147483647;
			files = (
				C6A18C032B6AA52400CA7B62 /* LaunchScreen.storyboard in Resources */,
				C6A18C002B6AA52400CA7B62 /* Assets.xcassets in Resources */,
				C6A18C302B6C262F00CA7B62 /* GoogleService-Info.plist in Resources */,
				C6A18BFE2B6AA52200CA7B62 /* Main.storyboard in Resources */,
				C6A18C2C2B6C24D600CA7B62 /* rocket.json in Resources */,
			);
			runOnlyForDeploymentPostprocessing = 0;
		};
/* End PBXResourcesBuildPhase section */

/* Begin PBXSourcesBuildPhase section */
		C6A18BEF2B6AA52200CA7B62 /* Sources */ = {
			isa = PBXSourcesBuildPhase;
			buildActionMask = 2147483647;
			files = (
				C626FF732B7EC2D10025A215 /* EpicDetail.swift in Sources */,
				C68C69C32B83E256003400E7 /* ApodViewModel.swift in Sources */,
				C626FF642B7EBC750025A215 /* EpicModel.swift in Sources */,
				C6563E412B7BCADC008FF981 /* MarsWeatherRoutes.swift in Sources */,
				C6600A342B7A8BB000B46AD8 /* MarsWeatherDetail.swift in Sources */,
				C6563E3F2B7BCAD1008FF981 /* MarsWeatherService.swift in Sources */,
				C626FF6E2B7EBE120025A215 /* EpicService.swift in Sources */,
				C6600A322B7A3D4100B46AD8 /* MarsWeatherModel.swift in Sources */,
				C63DDD342B72984B005A1C00 /* CuriosityPhotoModel.swift in Sources */,
				C666381F2B821D9800F1C1CD /* ApodRoutes.swift in Sources */,
				C6FBCA5F2B6D2DE600DEA784 /* Register.swift in Sources */,
				C6FBCA612B6D2E0200DEA784 /* RegisterViewModel.swift in Sources */,
				C6FBCA5D2B6D29E300DEA784 /* Users.swift in Sources */,
				C6FBCA632B6D343400DEA784 /* UserProcesses.swift in Sources */,
				C6251D052B73B583001E09AE /* CuriosityPhotoDetailViewModel.swift in Sources */,
				C6A18C3B2B6C2DAC00CA7B62 /* ForgotPasswordViewModel.swift in Sources */,
				C6A18C3D2B6C2DC500CA7B62 /* ForgotPassword.swift in Sources */,
				C68C69C62B83E273003400E7 /* ApodService.swift in Sources */,
				C626FF712B7EBE390025A215 /* EpicRoutes.swift in Sources */,
				C6A18C0E2B6C237700CA7B62 /* LogInViewModel.swift in Sources */,
				C68C69C02B83E23C003400E7 /* ApodDetail.swift in Sources */,
				C666381C2B821CDC00F1C1CD /* ApodModel.swift in Sources */,
				C626FF672B7EBDBC0025A215 /* Epic.swift in Sources */,
				C6A18BFB2B6AA52200CA7B62 /* LogIn.swift in Sources */,
				C6EAB6092B861ED9000B2A6D /* ApodCell.swift in Sources */,
				C63DDD362B729A4E005A1C00 /* CuriosityPhotoService.swift in Sources */,
				C6251D032B73B56F001E09AE /* CuriosityPhotoDetail.swift in Sources */,
				C63DDD2B2B727424005A1C00 /* CuriosityCell.swift in Sources */,
				C626FF6A2B7EBDDC0025A215 /* EpicViewModel.swift in Sources */,
				C6600A362B7A8BC900B46AD8 /* MarsWeatherViewModel.swift in Sources */,
				C63DDD2F2B7295CE005A1C00 /* CuriosityRoutes.swift in Sources */,
				C682946F2B768F7B0020358F /* MenuCell.swift in Sources */,
				C63DDD282B7137FE005A1C00 /* CuriosityViewModel.swift in Sources */,
				C68294712B768F8C0020358F /* Menu.swift in Sources */,
				C6A18BF72B6AA52200CA7B62 /* AppDelegate.swift in Sources */,
				C6A18C2E2B6C24E900CA7B62 /* Animation.swift in Sources */,
				C6A18BF92B6AA52200CA7B62 /* SceneDelegate.swift in Sources */,
				C68C69C82B83E455003400E7 /* ApodDetailViewModel.swift in Sources */,
				C66638222B821E1B00F1C1CD /* Apod.swift in Sources */,
				C63DDD2D2B727439005A1C00 /* CuriosityCollectionLayout.swift in Sources */,
				C63DDD262B7137F4005A1C00 /* Curiosity.swift in Sources */,
			);
			runOnlyForDeploymentPostprocessing = 0;
		};
/* End PBXSourcesBuildPhase section */

/* Begin PBXVariantGroup section */
		C6A18BFC2B6AA52200CA7B62 /* Main.storyboard */ = {
			isa = PBXVariantGroup;
			children = (
				C6A18BFD2B6AA52200CA7B62 /* Base */,
			);
			name = Main.storyboard;
			sourceTree = "<group>";
		};
		C6A18C012B6AA52400CA7B62 /* LaunchScreen.storyboard */ = {
			isa = PBXVariantGroup;
			children = (
				C6A18C022B6AA52400CA7B62 /* Base */,
			);
			name = LaunchScreen.storyboard;
			sourceTree = "<group>";
		};
/* End PBXVariantGroup section */

/* Begin XCBuildConfiguration section */
		C6A18C052B6AA52400CA7B62 /* Debug */ = {
			isa = XCBuildConfiguration;
			buildSettings = {
				ALWAYS_SEARCH_USER_PATHS = NO;
				ASSETCATALOG_COMPILER_GENERATE_SWIFT_ASSET_SYMBOL_EXTENSIONS = YES;
				CLANG_ANALYZER_NONNULL = YES;
				CLANG_ANALYZER_NUMBER_OBJECT_CONVERSION = YES_AGGRESSIVE;
				CLANG_CXX_LANGUAGE_STANDARD = "gnu++20";
				CLANG_ENABLE_MODULES = YES;
				CLANG_ENABLE_OBJC_ARC = YES;
				CLANG_ENABLE_OBJC_WEAK = YES;
				CLANG_WARN_BLOCK_CAPTURE_AUTORELEASING = YES;
				CLANG_WARN_BOOL_CONVERSION = YES;
				CLANG_WARN_COMMA = YES;
				CLANG_WARN_CONSTANT_CONVERSION = YES;
				CLANG_WARN_DEPRECATED_OBJC_IMPLEMENTATIONS = YES;
				CLANG_WARN_DIRECT_OBJC_ISA_USAGE = YES_ERROR;
				CLANG_WARN_DOCUMENTATION_COMMENTS = YES;
				CLANG_WARN_EMPTY_BODY = YES;
				CLANG_WARN_ENUM_CONVERSION = YES;
				CLANG_WARN_INFINITE_RECURSION = YES;
				CLANG_WARN_INT_CONVERSION = YES;
				CLANG_WARN_NON_LITERAL_NULL_CONVERSION = YES;
				CLANG_WARN_OBJC_IMPLICIT_RETAIN_SELF = YES;
				CLANG_WARN_OBJC_LITERAL_CONVERSION = YES;
				CLANG_WARN_OBJC_ROOT_CLASS = YES_ERROR;
				CLANG_WARN_QUOTED_INCLUDE_IN_FRAMEWORK_HEADER = YES;
				CLANG_WARN_RANGE_LOOP_ANALYSIS = YES;
				CLANG_WARN_STRICT_PROTOTYPES = YES;
				CLANG_WARN_SUSPICIOUS_MOVE = YES;
				CLANG_WARN_UNGUARDED_AVAILABILITY = YES_AGGRESSIVE;
				CLANG_WARN_UNREACHABLE_CODE = YES;
				CLANG_WARN__DUPLICATE_METHOD_MATCH = YES;
				COPY_PHASE_STRIP = NO;
				DEBUG_INFORMATION_FORMAT = dwarf;
				ENABLE_STRICT_OBJC_MSGSEND = YES;
				ENABLE_TESTABILITY = YES;
				ENABLE_USER_SCRIPT_SANDBOXING = YES;
				GCC_C_LANGUAGE_STANDARD = gnu17;
				GCC_DYNAMIC_NO_PIC = NO;
				GCC_NO_COMMON_BLOCKS = YES;
				GCC_OPTIMIZATION_LEVEL = 0;
				GCC_PREPROCESSOR_DEFINITIONS = (
					"DEBUG=1",
					"$(inherited)",
				);
				GCC_WARN_64_TO_32_BIT_CONVERSION = YES;
				GCC_WARN_ABOUT_RETURN_TYPE = YES_ERROR;
				GCC_WARN_UNDECLARED_SELECTOR = YES;
				GCC_WARN_UNINITIALIZED_AUTOS = YES_AGGRESSIVE;
				GCC_WARN_UNUSED_FUNCTION = YES;
				GCC_WARN_UNUSED_VARIABLE = YES;
				IPHONEOS_DEPLOYMENT_TARGET = 17.2;
				LOCALIZATION_PREFERS_STRING_CATALOGS = YES;
				MTL_ENABLE_DEBUG_INFO = INCLUDE_SOURCE;
				MTL_FAST_MATH = YES;
				ONLY_ACTIVE_ARCH = YES;
				SDKROOT = iphoneos;
				SWIFT_ACTIVE_COMPILATION_CONDITIONS = "DEBUG $(inherited)";
				SWIFT_OPTIMIZATION_LEVEL = "-Onone";
			};
			name = Debug;
		};
		C6A18C062B6AA52400CA7B62 /* Release */ = {
			isa = XCBuildConfiguration;
			buildSettings = {
				ALWAYS_SEARCH_USER_PATHS = NO;
				ASSETCATALOG_COMPILER_GENERATE_SWIFT_ASSET_SYMBOL_EXTENSIONS = YES;
				CLANG_ANALYZER_NONNULL = YES;
				CLANG_ANALYZER_NUMBER_OBJECT_CONVERSION = YES_AGGRESSIVE;
				CLANG_CXX_LANGUAGE_STANDARD = "gnu++20";
				CLANG_ENABLE_MODULES = YES;
				CLANG_ENABLE_OBJC_ARC = YES;
				CLANG_ENABLE_OBJC_WEAK = YES;
				CLANG_WARN_BLOCK_CAPTURE_AUTORELEASING = YES;
				CLANG_WARN_BOOL_CONVERSION = YES;
				CLANG_WARN_COMMA = YES;
				CLANG_WARN_CONSTANT_CONVERSION = YES;
				CLANG_WARN_DEPRECATED_OBJC_IMPLEMENTATIONS = YES;
				CLANG_WARN_DIRECT_OBJC_ISA_USAGE = YES_ERROR;
				CLANG_WARN_DOCUMENTATION_COMMENTS = YES;
				CLANG_WARN_EMPTY_BODY = YES;
				CLANG_WARN_ENUM_CONVERSION = YES;
				CLANG_WARN_INFINITE_RECURSION = YES;
				CLANG_WARN_INT_CONVERSION = YES;
				CLANG_WARN_NON_LITERAL_NULL_CONVERSION = YES;
				CLANG_WARN_OBJC_IMPLICIT_RETAIN_SELF = YES;
				CLANG_WARN_OBJC_LITERAL_CONVERSION = YES;
				CLANG_WARN_OBJC_ROOT_CLASS = YES_ERROR;
				CLANG_WARN_QUOTED_INCLUDE_IN_FRAMEWORK_HEADER = YES;
				CLANG_WARN_RANGE_LOOP_ANALYSIS = YES;
				CLANG_WARN_STRICT_PROTOTYPES = YES;
				CLANG_WARN_SUSPICIOUS_MOVE = YES;
				CLANG_WARN_UNGUARDED_AVAILABILITY = YES_AGGRESSIVE;
				CLANG_WARN_UNREACHABLE_CODE = YES;
				CLANG_WARN__DUPLICATE_METHOD_MATCH = YES;
				COPY_PHASE_STRIP = NO;
				DEBUG_INFORMATION_FORMAT = "dwarf-with-dsym";
				ENABLE_NS_ASSERTIONS = NO;
				ENABLE_STRICT_OBJC_MSGSEND = YES;
				ENABLE_USER_SCRIPT_SANDBOXING = YES;
				GCC_C_LANGUAGE_STANDARD = gnu17;
				GCC_NO_COMMON_BLOCKS = YES;
				GCC_WARN_64_TO_32_BIT_CONVERSION = YES;
				GCC_WARN_ABOUT_RETURN_TYPE = YES_ERROR;
				GCC_WARN_UNDECLARED_SELECTOR = YES;
				GCC_WARN_UNINITIALIZED_AUTOS = YES_AGGRESSIVE;
				GCC_WARN_UNUSED_FUNCTION = YES;
				GCC_WARN_UNUSED_VARIABLE = YES;
				IPHONEOS_DEPLOYMENT_TARGET = 17.2;
				LOCALIZATION_PREFERS_STRING_CATALOGS = YES;
				MTL_ENABLE_DEBUG_INFO = NO;
				MTL_FAST_MATH = YES;
				SDKROOT = iphoneos;
				SWIFT_COMPILATION_MODE = wholemodule;
				VALIDATE_PRODUCT = YES;
			};
			name = Release;
		};
		C6A18C082B6AA52400CA7B62 /* Debug */ = {
			isa = XCBuildConfiguration;
			buildSettings = {
				ASSETCATALOG_COMPILER_APPICON_NAME = AppIcon;
				ASSETCATALOG_COMPILER_GLOBAL_ACCENT_COLOR_NAME = AccentColor;
				CODE_SIGN_STYLE = Automatic;
				CURRENT_PROJECT_VERSION = 1;
				DEVELOPMENT_TEAM = 6PS4DAX69J;
				GENERATE_INFOPLIST_FILE = YES;
				INFOPLIST_FILE = SpaceBS/Info.plist;
				INFOPLIST_KEY_UIApplicationSupportsIndirectInputEvents = YES;
				INFOPLIST_KEY_UILaunchStoryboardName = LaunchScreen;
				INFOPLIST_KEY_UIMainStoryboardFile = Main;
				INFOPLIST_KEY_UISupportedInterfaceOrientations_iPad = "UIInterfaceOrientationPortrait UIInterfaceOrientationPortraitUpsideDown UIInterfaceOrientationLandscapeLeft UIInterfaceOrientationLandscapeRight";
				INFOPLIST_KEY_UISupportedInterfaceOrientations_iPhone = "UIInterfaceOrientationPortrait UIInterfaceOrientationLandscapeLeft UIInterfaceOrientationLandscapeRight";
				LD_RUNPATH_SEARCH_PATHS = (
					"$(inherited)",
					"@executable_path/Frameworks",
				);
				MARKETING_VERSION = 1.0;
				PRODUCT_BUNDLE_IDENTIFIER = onurBostan.SpaceBS;
				PRODUCT_NAME = "$(TARGET_NAME)";
				SWIFT_EMIT_LOC_STRINGS = YES;
				SWIFT_VERSION = 5.0;
				TARGETED_DEVICE_FAMILY = "1,2";
			};
			name = Debug;
		};
		C6A18C092B6AA52400CA7B62 /* Release */ = {
			isa = XCBuildConfiguration;
			buildSettings = {
				ASSETCATALOG_COMPILER_APPICON_NAME = AppIcon;
				ASSETCATALOG_COMPILER_GLOBAL_ACCENT_COLOR_NAME = AccentColor;
				CODE_SIGN_STYLE = Automatic;
				CURRENT_PROJECT_VERSION = 1;
				DEVELOPMENT_TEAM = 6PS4DAX69J;
				GENERATE_INFOPLIST_FILE = YES;
				INFOPLIST_FILE = SpaceBS/Info.plist;
				INFOPLIST_KEY_UIApplicationSupportsIndirectInputEvents = YES;
				INFOPLIST_KEY_UILaunchStoryboardName = LaunchScreen;
				INFOPLIST_KEY_UIMainStoryboardFile = Main;
				INFOPLIST_KEY_UISupportedInterfaceOrientations_iPad = "UIInterfaceOrientationPortrait UIInterfaceOrientationPortraitUpsideDown UIInterfaceOrientationLandscapeLeft UIInterfaceOrientationLandscapeRight";
				INFOPLIST_KEY_UISupportedInterfaceOrientations_iPhone = "UIInterfaceOrientationPortrait UIInterfaceOrientationLandscapeLeft UIInterfaceOrientationLandscapeRight";
				LD_RUNPATH_SEARCH_PATHS = (
					"$(inherited)",
					"@executable_path/Frameworks",
				);
				MARKETING_VERSION = 1.0;
				PRODUCT_BUNDLE_IDENTIFIER = onurBostan.SpaceBS;
				PRODUCT_NAME = "$(TARGET_NAME)";
				SWIFT_EMIT_LOC_STRINGS = YES;
				SWIFT_VERSION = 5.0;
				TARGETED_DEVICE_FAMILY = "1,2";
			};
			name = Release;
		};
/* End XCBuildConfiguration section */

/* Begin XCConfigurationList section */
		C6A18BEE2B6AA52200CA7B62 /* Build configuration list for PBXProject "SpaceBS" */ = {
			isa = XCConfigurationList;
			buildConfigurations = (
				C6A18C052B6AA52400CA7B62 /* Debug */,
				C6A18C062B6AA52400CA7B62 /* Release */,
			);
			defaultConfigurationIsVisible = 0;
			defaultConfigurationName = Release;
		};
		C6A18C072B6AA52400CA7B62 /* Build configuration list for PBXNativeTarget "SpaceBS" */ = {
			isa = XCConfigurationList;
			buildConfigurations = (
				C6A18C082B6AA52400CA7B62 /* Debug */,
				C6A18C092B6AA52400CA7B62 /* Release */,
			);
			defaultConfigurationIsVisible = 0;
			defaultConfigurationName = Release;
		};
/* End XCConfigurationList section */

/* Begin XCRemoteSwiftPackageReference section */
		C6A18C172B6C243600CA7B62 /* XCRemoteSwiftPackageReference "Alamofire" */ = {
			isa = XCRemoteSwiftPackageReference;
			repositoryURL = "https://github.com/Alamofire/Alamofire.git";
			requirement = {
				kind = upToNextMajorVersion;
				minimumVersion = 5.8.1;
			};
		};
		C6A18C1A2B6C245F00CA7B62 /* XCRemoteSwiftPackageReference "Kingfisher" */ = {
			isa = XCRemoteSwiftPackageReference;
			repositoryURL = "https://github.com/onevcat/Kingfisher.git";
			requirement = {
				kind = upToNextMajorVersion;
				minimumVersion = 7.10.2;
			};
		};
		C6A18C1D2B6C247400CA7B62 /* XCRemoteSwiftPackageReference "lottie-ios" */ = {
			isa = XCRemoteSwiftPackageReference;
			repositoryURL = "https://github.com/airbnb/lottie-ios";
			requirement = {
				kind = upToNextMajorVersion;
				minimumVersion = 4.4.0;
			};
		};
		C6A18C202B6C248500CA7B62 /* XCRemoteSwiftPackageReference "RxSwift" */ = {
			isa = XCRemoteSwiftPackageReference;
			repositoryURL = "https://github.com/ReactiveX/RxSwift.git";
			requirement = {
				kind = upToNextMajorVersion;
				minimumVersion = 6.6.0;
			};
		};
		C6A18C312B6C2AAE00CA7B62 /* XCRemoteSwiftPackageReference "firebase-ios-sdk" */ = {
			isa = XCRemoteSwiftPackageReference;
			repositoryURL = "https://github.com/firebase/firebase-ios-sdk";
			requirement = {
				kind = upToNextMajorVersion;
				minimumVersion = 10.20.0;
			};
		};
/* End XCRemoteSwiftPackageReference section */

/* Begin XCSwiftPackageProductDependency section */
		C6A18C182B6C243600CA7B62 /* Alamofire */ = {
			isa = XCSwiftPackageProductDependency;
			package = C6A18C172B6C243600CA7B62 /* XCRemoteSwiftPackageReference "Alamofire" */;
			productName = Alamofire;
		};
		C6A18C1B2B6C245F00CA7B62 /* Kingfisher */ = {
			isa = XCSwiftPackageProductDependency;
			package = C6A18C1A2B6C245F00CA7B62 /* XCRemoteSwiftPackageReference "Kingfisher" */;
			productName = Kingfisher;
		};
		C6A18C1E2B6C247400CA7B62 /* Lottie */ = {
			isa = XCSwiftPackageProductDependency;
			package = C6A18C1D2B6C247400CA7B62 /* XCRemoteSwiftPackageReference "lottie-ios" */;
			productName = Lottie;
		};
		C6A18C212B6C248500CA7B62 /* RxBlocking */ = {
			isa = XCSwiftPackageProductDependency;
			package = C6A18C202B6C248500CA7B62 /* XCRemoteSwiftPackageReference "RxSwift" */;
			productName = RxBlocking;
		};
		C6A18C232B6C248500CA7B62 /* RxBlocking-Dynamic */ = {
			isa = XCSwiftPackageProductDependency;
			package = C6A18C202B6C248500CA7B62 /* XCRemoteSwiftPackageReference "RxSwift" */;
			productName = "RxBlocking-Dynamic";
		};
		C6A18C252B6C248500CA7B62 /* RxCocoa */ = {
			isa = XCSwiftPackageProductDependency;
			package = C6A18C202B6C248500CA7B62 /* XCRemoteSwiftPackageReference "RxSwift" */;
			productName = RxCocoa;
		};
		C6A18C272B6C248500CA7B62 /* RxCocoa-Dynamic */ = {
			isa = XCSwiftPackageProductDependency;
			package = C6A18C202B6C248500CA7B62 /* XCRemoteSwiftPackageReference "RxSwift" */;
			productName = "RxCocoa-Dynamic";
		};
		C6A18C292B6C248500CA7B62 /* RxRelay */ = {
			isa = XCSwiftPackageProductDependency;
			package = C6A18C202B6C248500CA7B62 /* XCRemoteSwiftPackageReference "RxSwift" */;
			productName = RxRelay;
		};
		C6A18C322B6C2AAE00CA7B62 /* FirebaseAuth */ = {
			isa = XCSwiftPackageProductDependency;
			package = C6A18C312B6C2AAE00CA7B62 /* XCRemoteSwiftPackageReference "firebase-ios-sdk" */;
			productName = FirebaseAuth;
		};
		C6A18C342B6C2AAE00CA7B62 /* FirebaseDatabase */ = {
			isa = XCSwiftPackageProductDependency;
			package = C6A18C312B6C2AAE00CA7B62 /* XCRemoteSwiftPackageReference "firebase-ios-sdk" */;
			productName = FirebaseDatabase;
		};
		C6A18C362B6C2AAE00CA7B62 /* FirebaseFirestore */ = {
			isa = XCSwiftPackageProductDependency;
			package = C6A18C312B6C2AAE00CA7B62 /* XCRemoteSwiftPackageReference "firebase-ios-sdk" */;
			productName = FirebaseFirestore;
		};
/* End XCSwiftPackageProductDependency section */
	};
	rootObject = C6A18BEB2B6AA52200CA7B62 /* Project object */;
}
